{
  "name": "abdalla keynan",
  "version": "1.0.0",
  "lockfileVersion": 3,
  "requires": true,
  "packages": {
    "": {
      "name": "abdalla keynan",
      "version": "1.0.0",
      "dependencies": {
        "@expo/vector-icons": "^13.0.0",
        "@react-native-async-storage/async-storage": "1.21.0",
        "@react-navigation/bottom-tabs": "^6.5.11",
        "@react-navigation/native": "^6.1.9",
        "@react-navigation/stack": "^6.3.20",
        "@reduxjs/toolkit": "^1.9.7",
        "@tanstack/react-query": "^5.12.2",
        "axios": "^1.6.2",
        "expo": "~50.0.0",
        "expo-constants": "~15.4.5",
        "expo-image-picker": "~14.7.1",
        "expo-notifications": "~0.27.4",
        "expo-secure-store": "~12.8.1",
        "expo-splash-screen": "~0.26.4",
        "expo-status-bar": "~1.11.0",
        "firebase": "^10.7.0",
        "react": "18.2.0",
        "react-hook-form": "^7.48.2",
        "react-native": "0.73.2",
        "react-native-gesture-handler": "~2.14.0",
        "react-native-reanimated": "~3.6.2",
        "react-native-safe-area-context": "4.8.2",
        "react-native-screens": "~3.29.0",
        "react-redux": "^8.1.3",
        "yup": "^1.3.3"
      },
      "devDependencies": {
        "@babel/core": "^7.20.0",
        "@types/react": "~18.2.45",
        "@typescript-eslint/eslint-plugin": "^6.13.2",
        "@typescript-eslint/parser": "^6.13.2",
        "eslint": "^8.55.0",
        "jest": "^29.7.0",
        "prettier": "^3.1.0",
        "typescript": "^5.3.3"
      }
    },
    "node_modules/@babel/code-frame": {
      "version": "7.23.5",
      "resolved": "https://registry.npmjs.org/@babel/code-frame/-/code-frame-7.23.5.tgz",
      "integrity": "sha512-CgH3s1a96LipHCmSUmYFPwY7MNx8C3avkq7i4Wl3cfa662ldtUe4VM1TPXX70pfmrlWTb6jLqTYrZyT2ZTJBgA==",
      "dependencies": {
        "@babel/highlight": "^7.23.4",
        "chalk": "^2.4.2"
      },
      "engines": {
        "node": ">=6.9.0"
      }
    },
    "node_modules/@expo/vector-icons": {
      "version": "13.0.0",
      "resolved": "https://registry.npmjs.org/@expo/vector-icons/-/vector-icons-13.0.0.tgz",
      "integrity": "sha512-TI+l71+5aSKnShYclFa14Kum+hQMZ86b95SH6tQUG3qZEmLTarvWpKwqtTwQKqvlJSJrpFiSFu3eCuZokY6zWA=="
    },
    "node_modules/@firebase/analytics": {
      "version": "0.10.0",
      "resolved": "https://registry.npmjs.org/@firebase/analytics/-/analytics-0.10.0.tgz",
      "integrity": "sha512-Locv8gAqx0e+GX/0SI3dzmBY5e9kjVDtD+3zCFLJ0tH2hJwuCAiL+5WkHuxKj92rqQj/rvkBUCfA1ewlX2hehg==",
      "dependencies": {
        "@firebase/component": "0.6.4",
        "@firebase/installations": "0.6.4",
        "@firebase/logger": "0.4.0",
        "@firebase/util": "1.9.3",
        "tslib": "^2.1.0"
      },
      "peerDependencies": {
        "@firebase/app": "0.x"
      }
    },
    "node_modules/@firebase/app": {
      "version": "0.9.23",
      "resolved": "https://registry.npmjs.org/@firebase/app/-/app-0.9.23.tgz",
      "integrity": "sha512-CA5pQ88We3FhyuesGKn1thaPBsJSGJGm6AlFToOmEJagWqBeDoNJqBkry/BsHnCs9xeYWWIprKxvuFmAFHnErQ==",
      "dependencies": {
        "@firebase/component": "0.6.4",
        "@firebase/logger": "0.4.0",
        "@firebase/util": "1.9.3",
        "idb": "7.1.1",
        "tslib": "^2.1.0"
      }
    },
    "node_modules/@firebase/auth": {
      "version": "1.5.0",
      "resolved": "https://registry.npmjs.org/@firebase/auth/-/auth-1.5.0.tgz",
      "integrity": "sha512-Gvzjxq4w9dJAG3WVsH8tRF3P2XQlEZ4fZ/NVZWWHh2f8QLgvNpHHZrb4vSEWSgR8mdkeJ88UnPzboA2jkoOhGw==",
      "dependencies": {
        "@firebase/component": "0.6.4",
        "@firebase/logger": "0.4.0",
        "@firebase/util": "1.9.3",
        "tslib": "^2.1.0",
        "undici": "5.26.5"
      },
      "peerDependencies": {
        "@firebase/app": "0.x",
        "@react-native-async-storage/async-storage": "^1.18.1"
      },
      "peerDependenciesMeta": {
        "@react-native-async-storage/async-storage": {
          "optional": true
        }
      }
    },
    "node_modules/@firebase/component": {
      "version": "0.6.4",
      "resolved": "https://registry.npmjs.org/@firebase/component/-/component-0.6.4.tgz",
      "integrity": "sha512-rLMyrXuO9jcAUCaQXCMjCMUsWrba5fzHlNK24xz5j2W6A/SRmK8mZJ/hn7V0fViLbxC0lPMtrK1eYzk6Fg03jA==",
      "dependencies": {
        "@firebase/util": "1.9.3",
        "tslib": "^2.1.0"
      }
    },
    "node_modules/@firebase/firestore": {
      "version": "4.4.3",
      "resolved": "https://registry.npmjs.org/@firebase/firestore/-/firestore-4.4.3.tgz",
      "integrity": "sha512-BO0hxDySY+7tqLqntdGEbELv+qHfU6N2TsUwz+prBZz1I1Fp8GlqkXgGto/7ZN8z40dSMSvM2lJhJ1NqrJdA6A==",
      "dependencies": {
        "@firebase/component": "0.6.4",
        "@firebase/logger": "0.4.0",
        "@firebase/util": "1.9.3",
        "@firebase/webchannel-wrapper": "0.10.5",
        "@grpc/grpc-js": "~1.9.0",
        "@grpc/proto-loader": "^0.7.8",
        "tslib": "^2.1.0",
        "undici": "5.26.5"
      },
      "engines": {
        "node": ">=10.10.0"
      },
      "peerDependencies": {
        "@firebase/app": "0.x"
      }
    },
    "node_modules/@firebase/storage": {
      "version": "0.12.0",
      "resolved": "https://registry.npmjs.org/@firebase/storage/-/storage-0.12.0.tgz",
      "integrity": "sha512-SGs02Y/mmWBRsqZiZLpvUHZd4T4K+roFbBGiFyA5PLwW62vJgtRfKfEtC4ibTqRDOha4p1xEWD3xqGSBIaLRdA==",
      "dependencies": {
        "@firebase/component": "0.6.4",
        "@firebase/util": "1.9.3",
        "tslib": "^2.1.0",
        "undici": "5.26.5"
      },
      "peerDependencies": {
        "@firebase/app": "0.x"
      }
    },
    "node_modules/@react-native-async-storage/async-storage": {
      "version": "1.21.0",
      "resolved": "https://registry.npmjs.org/@react-native-async-storage/async-storage/-/async-storage-1.21.0.tgz",
      "integrity": "sha512-JL0w36KuFHFCvnbOXRekqVAUplmOyT/OuCQkogo6X98MtpSaJOKEAeZnYO8JB0U/RIEixZaGI5px73Ybrm/o0Q==",
      "dependencies": {
        "merge-options": "^3.0.4"
      },
      "peerDependencies": {
        "react-native": "^0.0.0-0 || 0.70 - 0.73 || 0.74"
      }
    },
    "node_modules/@react-navigation/bottom-tabs": {
      "version": "6.5.11",
      "resolved": "https://registry.npmjs.org/@react-navigation/bottom-tabs/-/bottom-tabs-6.5.11.tgz",
      "integrity": "sha512-CBN/NOdxnMvmjw+AJQI1kltOYaClTZmGec5pQ3ZNTPX86ytbIOylDIITKMfTgHZcIEFQDym/fol6oJBRJYObwA==",
      "dependencies": {
        "@react-navigation/elements": "^1.3.21",
        "color": "^4.2.3",
        "warn-once": "^0.1.0"
      },
      "peerDependencies": {
        "@react-navigation/native": "^6.0.0",
        "react": "*",
        "react-native": "*",
        "react-native-safe-area-context": ">= 3.0.0",
        "react-native-screens": ">= 3.0.0"
      }
    },
    "node_modules/@react-navigation/core": {
      "version": "6.4.9",
      "resolved": "https://registry.npmjs.org/@react-navigation/core/-/core-6.4.9.tgz",
      "integrity": "sha512-G9GH7bP9x0qqupxZnkSftnkn4JoXancElTvFc8FVGfEvHxCRUQeXglLr4GKAaw3Czq+wDTi9nWeSM73p0QQDLA==",
      "dependencies": {
        "@react-navigation/routers": "^6.1.9",
        "escape-string-regexp": "^4.0.0",
        "nanoid": "^3.1.23",
        "query-string": "^7.1.3",
        "react-is": "^16.13.0",
        "use-latest-callback": "^0.1.7"
      },
      "peerDependencies": {
        "react": "*"
      }
    },
    "node_modules/@react-navigation/elements": {
      "version": "1.3.21",
      "resolved": "https://registry.npmjs.org/@react-navigation/elements/-/elements-1.3.21.tgz",
      "integrity": "sha512-eyS2C6McNR8jUq9cHK/qHkY3J1Ufm6DuE1Ri/8i1dRx2XCeJLPMq9O+vQQBtrKPKfYnvkApnOaOjV8bOpzf6Jg==",
      "peerDependencies": {
        "@react-navigation/native": "^6.0.0",
        "react": "*",
        "react-native": "*",
        "react-native-safe-area-context": ">= 3.0.0"
      }
    },
    "node_modules/@react-navigation/native": {
      "version": "6.1.9",
      "resolved": "https://registry.npmjs.org/@react-navigation/native/-/native-6.1.9.tgz",
      "integrity": "sha512-AMuJDpwXE7UlfyhIXaUCCynXmv69Kb8NzKgKJO7v0k0L+u6xUTbt6xvshmJ79vsvaFyaEH9Jg5FMzek5/S5qNw==",
      "dependencies": {
        "@react-navigation/core": "^6.4.9",
        "escape-string-regexp": "^4.0.0",
        "fast-deep-equal": "^3.1.3",
        "nanoid": "^3.1.23"
      },
      "peerDependencies": {
        "react": "*",
        "react-native": "*"
      }
    },
    "node_modules/@react-navigation/routers": {
      "version": "6.1.9",
      "resolved": "https://registry.npmjs.org/@react-navigation/routers/-/routers-6.1.9.tgz",
      "integrity": "sha512-lTM8gSFHSfkJvQkxacGM6VJtBt61Sp2hEBYQWZP4k1Hkp0g2gTymB/hVvBGZ9BeAxmVyHcI+ZvS5Jk1TfkHxCQ==",
      "dependencies": {
        "nanoid": "^3.1.23"
      }
    },
    "node_modules/@react-navigation/stack": {
      "version": "6.3.20",
      "resolved": "https://registry.npmjs.org/@react-navigation/stack/-/stack-6.3.20.tgz",
      "integrity": "sha512-YCxIW8/ILZ8n+8bFhTR0Nv6F7pmOVqPDzXh5VQ4N/TpZ4/G6mFiyVxOAooSHd3ZRqJg9ko1nVKywTIoaRP+jVQ==",
      "dependencies": {
        "@react-navigation/elements": "^1.3.21",
        "color": "^4.2.3",
        "warn-once": "^0.1.0"
      },
      "peerDependencies": {
        "@react-navigation/native": "^6.0.0",
        "react": "*",
        "react-native": "*",
        "react-native-gesture-handler": ">= 1.5.0",
        "react-native-safe-area-context": ">= 3.0.0",
        "react-native-screens": ">= 3.0.0"
      }
    },
    "node_modules/@reduxjs/toolkit": {
      "version": "1.9.7",
      "resolved": "https://registry.npmjs.org/@reduxjs/toolkit/-/toolkit-1.9.7.tgz",
      "integrity": "sha512-t7v8ZPxhhKgOKtU+uyJT13lu4vL7az5aFi4IdoDs/eS548edn2M8Ik9h8fxgvMjGoAUVFSt6ZC1P5cWmQ014QQ==",
      "dependencies": {
        "immer": "^9.0.21",
        "redux": "^4.2.1",
        "redux-thunk": "^2.4.2",
        "reselect": "^4.1.8"
      },
      "peerDependencies": {
        "react": "^16.9.0 || ^17.0.0 || ^18",
        "react-redux": "^7.2.1 || ^8.0.2"
      },
      "peerDependenciesMeta": {
        "react": {
          "optional": true
        },
        "react-redux": {
          "optional": true
        }
      }
    },
    "node_modules/@tanstack/query-core": {
      "version": "5.12.2",
      "resolved": "https://registry.npmjs.org/@tanstack/query-core/-/query-core-5.12.2.tgz",
      "integrity": "sha512-1Sf/uCNM6TBsB+Oy7TL5oKcpFGFep8yFtI9xXLpb4xUjiFvWtBx8ULrOLe5fW9xX8j0fGKV57KGSOyaKvp/tmg==",
      "funding": {
        "type": "github",
        "url": "https://github.com/sponsors/tannerlinsley"
      }
    },
    "node_modules/@tanstack/react-query": {
      "version": "5.12.2",
      "resolved": "https://registry.npmjs.org/@tanstack/react-query/-/react-query-5.12.2.tgz",
      "integrity": "sha512-PDpS5Uhi2jAKTfPUmQFVR2FbPFsK/1PpKZ/bQ0U4RgUOMYlJL6Pm9OXzh+LHI6L5udk7zJELH2a+jhH6CiDPDw==",
      "dependencies": {
        "@tanstack/query-core": "5.12.2"
      },
      "funding": {
        "type": "github",
        "url": "https://github.com/sponsors/tannerlinsley"
      },
      "peerDependencies": {
        "react": "^18.0.0"
      }
    },
    "node_modules/@types/prop-types": {
      "version": "15.7.11",
      "resolved": "https://registry.npmjs.org/@types/prop-types/-/prop-types-15.7.11.tgz",
      "integrity": "sha512-ga8y9v9uyeiLdpKddhxYQkxSrf3LqzfjCW0RpebelA7mV9JUPq4ucdeMw5L0e1rg9y1Ms7q8SIIFk0P8JhTvhg==",
      "devOptional": true
    },
    "node_modules/@types/react": {
      "version": "18.2.45",
      "resolved": "https://registry.npmjs.org/@types/react/-/react-18.2.45.tgz",
      "integrity": "sha512-TtAxCNrlrBp8GoeEp1npd5g+d/OejJHFxS3OWmrPBMFaVQMSN0OFySozJio5BHxTuTeug00AVXVAjfDSfk+lUg==",
      "devOptional": true,
      "dependencies": {
        "@types/prop-types": "*",
        "@types/scheduler": "*",
        "csstype": "^3.0.2"
      }
    },
    "node_modules/@types/scheduler": {
      "version": "0.16.8",
      "resolved": "https://registry.npmjs.org/@types/scheduler/-/scheduler-0.16.8.tgz",
      "integrity": "sha512-WZLiwShhwLRmeV6zH+GkbOFT6Z6VklCItrDioxUnv+u4Ll+8vKeFySoFyK/0ctcRpOmwAicELfmys1sDc/Rw+A==",
      "devOptional": true
    },
    "node_modules/axios": {
      "version": "1.6.2",
      "resolved": "https://registry.npmjs.org/axios/-/axios-1.6.2.tgz",
      "integrity": "sha512-7i24Ri4pmDRfJTR7LDBhsOTtcm+9kjX5WiY1X3wIisx6G9So3pfMkEiU7emUBe46oceVImccTEM3k6C5dbVW8A==",
      "dependencies": {
        "follow-redirects": "^1.15.0",
        "form-data": "^4.0.0",
        "proxy-from-env": "^1.1.0"
      }
    },
    "node_modules/expo": {
      "version": "50.0.0",
      "resolved": "https://registry.npmjs.org/expo/-/expo-50.0.0.tgz",
      "integrity": "sha512-g1kkOMyzIqx0C95QvQMNhBv8y/l8c2nIQlEz2Y+BrVC4RkMsiIFUmO6lyqNnJpPSSVWvmqGiq1HsgQmp2Hmi4Q==",
      "dependencies": {
        "@babel/runtime": "^7.20.1",
        "@expo/cli": "0.17.0",
        "@expo/config": "8.5.4",
        "@expo/config-plugins": "7.8.4",
        "@expo/metro-config": "0.17.0",
        "@expo/vector-icons": "^14.0.0",
        "babel-preset-expo": "~10.0.0",
        "expo-asset": "~9.0.0",
        "expo-file-system": "~16.0.0",
        "expo-font": "~11.10.0",
        "expo-keep-awake": "~12.8.0",
        "expo-modules-autolinking": "1.10.0",
        "expo-modules-core": "1.11.0",
        "invariant": "^2.2.4",
        "md5-file": "^3.2.3",
        "pretty-format": "^26.5.2",
        "react-native-web": "~0.19.6"
      },
      "bin": {
        "expo": "bin/cli"
      }
    },
    "node_modules/expo-constants": {
      "version": "15.4.5",
      "resolved": "https://registry.npmjs.org/expo-constants/-/expo-constants-15.4.5.tgz",
      "integrity": "sha512-1pVVjwk733hbbIjtQcvUFCme540v4gFemdNlaxM2UXKbfRCOh2hzgKN5joHMOysoXQe736TTUrRj7UaZI5Yyhg==",
      "dependencies": {
        "@expo/config": "~8.5.0",
        "expo-modules-core": "~1.11.0"
      },
      "peerDependencies": {
        "expo": "*"
      }
    },
    "node_modules/expo-image-picker": {
      "version": "14.7.1",
      "resolved": "https://registry.npmjs.org/expo-image-picker/-/expo-image-picker-14.7.1.tgz",
      "integrity": "sha512-5ag9YLwS20gY6zLpPq2ST7QkzVJXlZchEteoI7Ovcplftj2n6qhT2TL7KxRrvKphY4tDdxaLwv5fNKx2QArwfw==",
      "dependencies": {
        "expo-modules-core": "~1.11.0"
      },
      "peerDependencies": {
        "expo": "*"
      }
    },
    "node_modules/expo-notifications": {
      "version": "0.27.4",
      "resolved": "https://registry.npmjs.org/expo-notifications/-/expo-notifications-0.27.4.tgz",
      "integrity": "sha512-QMrFyReUJCRsv2a2NLIeH1dHhgDcWgEAViGpkH/QISNLugEQuAeZgSC+SwI4iF0vCgnR5aG75hJ7VfsiW79mHA==",
      "dependencies": {
        "@expo/image-utils": "^0.4.0",
        "@ide/backoff": "^1.0.0",
        "abort-controller": "^3.0.0",
        "assert": "^2.0.0",
        "badgin": "^1.1.5",
        "expo-modules-core": "~1.11.0",
        "uuid": "^8.3.2"
      },
      "peerDependencies": {
        "expo": "*"
      }
    },
    "node_modules/expo-secure-store": {
      "version": "12.8.1",
      "resolved": "https://registry.npmjs.org/expo-secure-store/-/expo-secure-store-12.8.1.tgz",
      "integrity": "sha512-7Y/q1R+S2HCLKqyy0mf0ymC93Vpjwm7D0LaSXAvmz5tUyMwr3zDpIlXeEY36ri/wQmTtjhP2zzQ1fE7fCzP/1w==",
      "peerDependencies": {
        "expo": "*"
      }
    },
    "node_modules/expo-splash-screen": {
      "version": "0.26.4",
      "resolved": "https://registry.npmjs.org/expo-splash-screen/-/expo-splash-screen-0.26.4.tgz",
      "integrity": "sha512-2DwofTQ0FFQCsvDysm/msENsbyNsJi3w50Br+8HcvdI6AnSrvpJ1IRehjJ8aeTg6boHdUDFuE3tQmIk+UoDqXw==",
      "dependencies": {
        "@expo/prebuild-config": "6.7.4"
      },
      "peerDependencies": {
        "expo": "*"
      }
    },
    "node_modules/expo-status-bar": {
      "version": "1.11.0",
      "resolved": "https://registry.npmjs.org/expo-status-bar/-/expo-status-bar-1.11.0.tgz",
      "integrity": "sha512-XaFHyIhFn6J/sG4VwqL3+/bui3VsQuJYLlZ5U3F0+1WJu3oA0VbiK5Z6nPhbuUTXwW7TQ5Tj8qkUcprJCKYDgw=="
    },
    "node_modules/firebase": {
      "version": "10.7.0",
      "resolved": "https://registry.npmjs.org/firebase/-/firebase-10.7.0.tgz",
      "integrity": "sha512-uBSDNwNLoe4LkFgwT/xgnHh6CrEr+vGSVMB6UUK0AH9k1E6+nJyAKi75NHagTwN8juO/cfBdQptl/bS3qo5WLg==",
      "dependencies": {
        "@firebase/analytics": "0.10.0",
        "@firebase/app": "0.9.23",
        "@firebase/app-check": "0.8.0",
        "@firebase/app-types": "0.9.0",
        "@firebase/auth": "1.5.0",
        "@firebase/database": "1.0.1",
        "@firebase/firestore": "4.4.3",
        "@firebase/functions": "0.10.0",
        "@firebase/installations": "0.6.4",
        "@firebase/messaging": "0.12.4",
        "@firebase/performance": "0.6.4",
        "@firebase/remote-config": "0.4.4",
        "@firebase/storage": "0.12.0",
        "@firebase/util": "1.9.3"
      }
    },
    "node_modules/react": {
      "version": "18.2.0",
      "resolved": "https://registry.npmjs.org/react/-/react-18.2.0.tgz",
      "integrity": "sha512-/3IjMdb2L9QbBdWiW5e3P2/npwMBaU9mHCSCUzNln0ZCYbcfTsGbTJrU/kGemdH2IWmB2ioZ+zkxtmq6g09fGQ==",
      "dependencies": {
        "loose-envify": "^1.1.0"
      },
      "engines": {
        "node": ">=0.10.0"
      }
    },
    "node_modules/react-hook-form": {
      "version": "7.48.2",
      "resolved": "https://registry.npmjs.org/react-hook-form/-/react-hook-form-7.48.2.tgz",
      "integrity": "sha512-H0T2InFQb1hX7qKtDIZmvpU1Xfn/bdahWBN1fH19gSe4bBEqTfmlr7H3XWTaVtiK4/tpPaI1F3355GPMZYge+A==",
      "engines": {
        "node": ">=12.22.0"
      },
      "funding": {
        "type": "opencollective",
        "url": "https://opencollective.com/react-hook-form"
      },
      "peerDependencies": {
        "react": "^16.8.0 || ^17 || ^18"
      }
    },
    "node_modules/react-native": {
      "version": "0.73.2",
      "resolved": "https://registry.npmjs.org/react-native/-/react-native-0.73.2.tgz",
      "integrity": "sha512-1Bq/BeJQ4GUeBmReaGlshFrziCtDP9pdXmWZp7KRjCeNQKw569o+MXJjrZMT+dFMnupX9R+r67u1CAPK/cbF5Q==",
      "dependencies": {
        "@jest/create-cache-key-function": "^29.6.3",
        "@react-native-community/cli": "12.0.0",
        "@react-native-community/cli-platform-android": "12.0.0",
        "@react-native-community/cli-platform-ios": "12.0.0",
        "@react-native/assets-registry": "0.73.1",
        "@react-native/codegen": "0.73.2",
        "@react-native/community-cli-plugin": "0.73.11",
        "@react-native/gradle-plugin": "0.73.4",
        "@react-native/js-polyfills": "0.73.1",
        "@react-native/normalize-colors": "0.73.2",
        "@react-native/virtualized-lists": "0.73.4",
        "abort-controller": "^3.0.0",
        "anser": "^1.4.9",
        "ansi-regex": "^5.0.0",
        "base64-js": "^1.5.1",
        "chalk": "^4.0.0",
        "deprecated-react-native-prop-types": "^5.0.0",
        "event-target-shim": "^5.0.1",
        "flow-enums-runtime": "^0.0.6",
        "invariant": "^2.2.4",
        "jest-environment-node": "^29.6.3",
        "jsc-android": "^250231.0.0",
        "memoize-one": "^5.0.0",
        "metro-runtime": "0.80.3",
        "metro-source-map": "0.80.3",
        "mkdirp": "^0.5.1",
        "nullthrows": "^1.1.1",
        "pretty-format": "^26.5.2",
        "promise": "^8.3.0",
        "react-devtools-core": "^4.27.7",
        "react-refresh": "^0.14.0",
        "regenerator-runtime": "^0.13.2",
        "scheduler": "0.24.0-canary-efb381bbf-20230505",
        "stacktrace-parser": "^0.1.10",
        "whatwg-fetch": "^3.0.0",
        "ws": "^6.2.2",
        "yargs": "^17.6.2"
      },
      "bin": {
        "react-native": "cli.js"
      },
      "engines": {
        "node": ">=18"
      },
      "peerDependencies": {
        "react": "18.2.0"
      }
    },
    "node_modules/react-native-gesture-handler": {
      "version": "2.14.0",
      "resolved": "https://registry.npmjs.org/react-native-gesture-handler/-/react-native-gesture-handler-2.14.0.tgz",
      "integrity": "sha512-cOmdaqbpzjWrOLUb/m8Y7cO2p6E0HSgOjvCx5F4yhE/ixS6XpIzD/gbDm9r5RlwkgfVQvplxJI/9EeDKzKLJ3Q==",
      "dependencies": {
        "@egjs/hammerjs": "^2.0.17",
        "hoist-non-react-statics": "^3.3.0",
        "invariant": "^2.2.4",
        "lodash": "^4.17.21",
        "prop-types": "^15.7.2"
      },
      "peerDependencies": {
        "react": "*",
        "react-native": "*"
      }
    },
    "node_modules/react-native-reanimated": {
      "version": "3.6.2",
      "resolved": "https://registry.npmjs.org/react-native-reanimated/-/react-native-reanimated-3.6.2.tgz",
      "integrity": "sha512-IIMkjkH5l1EbnBh19L5BQ5iZbOlW8G5qKdR9ZDuV1KIf9f3/QxR2C+QkOYeHKMX+bnurq3vqHdIQ5MfPqPp+Pg==",
      "dependencies": {
        "@babel/plugin-transform-object-assign": "^7.16.7",
        "@babel/preset-typescript": "^7.16.7",
        "convert-source-map": "^2.0.0",
        "invariant": "^2.2.4",
        "lodash.isequal": "^4.5.0",
        "setimmediate": "^1.0.5",
        "string-hash-64": "^1.0.3"
      },
      "peerDependencies": {
        "@babel/core": "^7.0.0-0",
        "react": "*",
        "react-native": "*"
      }
    },
    "node_modules/react-native-safe-area-context": {
      "version": "4.8.2",
      "resolved": "https://registry.npmjs.org/react-native-safe-area-context/-/react-native-safe-area-context-4.8.2.tgz",
      "integrity": "sha512-ffUOv8BJQ6RqO3nLml5gxJ6ab3EestPiyWDPxHmRuch8KuK8LqSRM94q56Uz3xbsMQLv1W7tAl9OD2MgGlO8Tw==",
      "peerDependencies": {
        "react": "*",
        "react-native": "*"
      }
    },
    "node_modules/react-native-screens": {
      "version": "3.29.0",
      "resolved": "https://registry.npmjs.org/react-native-screens/-/react-native-screens-3.29.0.tgz",
      "integrity": "sha512-yB1GoAMamFAcYf4ku9uOk/ZeZM+vNqMvO+vqJ3R43U0A9p85tm2e1MrClMYi+vIqoM+QxvQLZhrq8+yeFqNbeA==",
      "dependencies": {
        "react-freeze": "^1.0.0",
        "warn-once": "^0.1.0"
      },
      "peerDependencies": {
        "react": "*",
        "react-native": "*"
      }
    },
    "node_modules/react-redux": {
      "version": "8.1.3",
      "resolved": "https://registry.npmjs.org/react-redux/-/react-redux-8.1.3.tgz",
      "integrity": "sha512-C0HPMq8X+iCG1sB0xuTsMY+WzKdG/uqCTZZIeFykjcwpb7IxWtWeOZgD/ZGSbbmXZN2cQlDFnWECIkGXYv+QgQ==",
      "dependencies": {
        "@babel/runtime": "^7.12.1",
        "@types/hoist-non-react-statics": "^3.3.1",
        "@types/use-sync-external-store": "^0.0.3",
        "hoist-non-react-statics": "^3.3.0",
        "react-is": "^18.0.0",
        "use-sync-external-store": "^1.0.0"
      },
      "peerDependencies": {
        "@types/react": "^16.8 || ^17.0 || ^18.0",
        "@types/react-dom": "^16.8 || ^17.0 || ^18.0",
        "react": "^16.8 || ^17.0 || ^18.0",
        "react-dom": "^16.8 || ^17.0 || ^18.0",
        "react-native": ">=0.59",
        "redux": "^4 || ^5.0.0-beta.0"
      },
      "peerDependenciesMeta": {
        "@types/react": {
          "optional": true
        },
        "@types/react-dom": {
          "optional": true
        },
        "react-dom": {
          "optional": true
        },
        "react-native": {
          "optional": true
        },
        "redux": {
          "optional": true
        }
      }
    },
    "node_modules/react-redux/node_modules/react-is": {
      "version": "18.2.0",
      "resolved": "https://registry.npmjs.org/react-is/-/react-is-18.2.0.tgz",
      "integrity": "sha512-xWGDIW6x921xtzPkhiULtthJHoJvBbF3q26fzloPCK0hsvxtPVelvftw3zjbHWSkR2km9Z+4uxbDDK/6Zw9B8w=="
    },
    "node_modules/yup": {
      "version": "1.3.3",
      "resolved": "https://registry.npmjs.org/yup/-/yup-1.3.3.tgz",
      "integrity": "sha512-v8QwZSsHH2K3/G9WSkp6mZKO+hugKT1EmnMqLNUcfu51HU9MDyhlETT/JgtzprnrnQHPWsjc6MUDMBp/l9fNnw==",
      "dependencies": {
        "property-expr": "^2.0.5",
        "tiny-case": "^1.0.3",
        "toposort": "^2.0.2",
        "type-fest": "^2.19.0"
      }
    }
  }
      }
